{
  "version": 4,
  "terraform_version": "1.1.4",
  "serial": 599,
  "lineage": "82ca3be4-c8cb-5a08-aee7-12ae1c4a0663",
  "outputs": {},
  "resources": [
    {
      "mode": "managed",
      "type": "aws_vpc",
      "name": "vpc_spoke1",
      "provider": "provider[\"registry.terraform.io/hashicorp/aws\"]",
      "instances": [
        {
          "schema_version": 1,
          "attributes": {
            "arn": "arn:aws:ec2:us-east-1:492696539201:vpc/vpc-031c43a0daeb7cf72",
            "assign_generated_ipv6_cidr_block": false,
            "cidr_block": "192.168.3.0/24",
            "default_network_acl_id": "acl-060faae8f722c8dce",
            "default_route_table_id": "rtb-0bb3cb0ec370183d9",
            "default_security_group_id": "sg-0e196e577f24b6bd9",
            "dhcp_options_id": "dopt-007ec6b53b1fb4b68",
            "enable_classiclink": false,
            "enable_classiclink_dns_support": false,
            "enable_dns_hostnames": false,
            "enable_dns_support": true,
            "id": "vpc-031c43a0daeb7cf72",
            "instance_tenancy": "default",
            "ipv4_ipam_pool_id": null,
            "ipv4_netmask_length": null,
            "ipv6_association_id": "",
            "ipv6_cidr_block": "",
            "ipv6_cidr_block_network_border_group": "",
            "ipv6_ipam_pool_id": "",
            "ipv6_netmask_length": 0,
            "main_route_table_id": "rtb-0bb3cb0ec370183d9",
            "owner_id": "492696539201",
            "tags": {
              "Name": "building-blocs-vpc-spoke-1"
            },
            "tags_all": {
              "Name": "building-blocs-vpc-spoke-1"
            }
          },
          "sensitive_attributes": [],
          "private": "eyJzY2hlbWFfdmVyc2lvbiI6IjEifQ=="
        }
      ]
    }
  ]
}
